
Microsoft Visual Studio Solution File, Format Version 12.00
# Visual Studio Version 17
VisualStudioVersion = 17.1.32421.90
MinimumVisualStudioVersion = 10.0.40219.1
Project("{FAE04EC0-301F-11D3-BF4B-00C04F79EFBC}") = "Task3", "Task3.csproj", "{0275CF1C-18DA-49D8-ACE1-776B5D180058}"
EndProject
Global
	GlobalSection(SolutionConfigurationPlatforms) = preSolution
		Debug|Any CPU = Debug|Any CPU
		Release|Any CPU = Release|Any CPU
	EndGlobalSection
	GlobalSection(ProjectConfigurationPlatforms) = postSolution
		{0275CF1C-18DA-49D8-ACE1-776B5D180058}.Debug|Any CPU.ActiveCfg = Debug|Any CPU
		{0275CF1C-18DA-49D8-ACE1-776B5D180058}.Debug|Any CPU.Build.0 = Debug|Any CPU
		{0275CF1C-18DA-49D8-ACE1-776B5D180058}.Release|Any CPU.ActiveCfg = Release|Any CPU
		{0275CF1C-18DA-49D8-ACE1-776B5D180058}.Release|Any CPU.Build.0 = Release|Any CPU
	EndGlobalSection
	GlobalSection(SolutionProperties) = preSolution
		HideSolutionNode = FALSE
	EndGlobalSection
	GlobalSection(ExtensibilityGlobals) = postSolution
		SolutionGuid = {0C26B22E-59D9-46DE-8DA5-5EF2CA183FC3}
	EndGlobalSection
EndGlobal
