
Microsoft Visual Studio Solution File, Format Version 12.00
# Visual Studio Version 17
VisualStudioVersion = 17.1.32421.90
MinimumVisualStudioVersion = 10.0.40219.1
Project("{FAE04EC0-301F-11D3-BF4B-00C04F79EFBC}") = "KataTest2", "KataTest2.csproj", "{9EDD5446-B0F6-45B4-8D62-83D5A2493979}"
EndProject
Global
	GlobalSection(SolutionConfigurationPlatforms) = preSolution
		Debug|Any CPU = Debug|Any CPU
		Release|Any CPU = Release|Any CPU
	EndGlobalSection
	GlobalSection(ProjectConfigurationPlatforms) = postSolution
		{9EDD5446-B0F6-45B4-8D62-83D5A2493979}.Debug|Any CPU.ActiveCfg = Debug|Any CPU
		{9EDD5446-B0F6-45B4-8D62-83D5A2493979}.Debug|Any CPU.Build.0 = Debug|Any CPU
		{9EDD5446-B0F6-45B4-8D62-83D5A2493979}.Release|Any CPU.ActiveCfg = Release|Any CPU
		{9EDD5446-B0F6-45B4-8D62-83D5A2493979}.Release|Any CPU.Build.0 = Release|Any CPU
	EndGlobalSection
	GlobalSection(SolutionProperties) = preSolution
		HideSolutionNode = FALSE
	EndGlobalSection
	GlobalSection(ExtensibilityGlobals) = postSolution
		SolutionGuid = {6E370623-8662-4E0F-B7A8-2A0E4812BAC7}
	EndGlobalSection
EndGlobal
